// !$*UTF8*$!
{
	archiveVersion = 1;
	classes = {
	};
	objectVersion = 46;
	objects = {

/* Begin PBXBuildFile section */
		388F664A1E68611A00504F27 /* AppDelegate.swift in Sources */ = {isa = PBXBuildFile; fileRef = 388F66491E68611A00504F27 /* AppDelegate.swift */; };
		388F664C1E68611A00504F27 /* ViewController.swift in Sources */ = {isa = PBXBuildFile; fileRef = 388F664B1E68611A00504F27 /* ViewController.swift */; };
		388F664F1E68611A00504F27 /* Main.storyboard in Resources */ = {isa = PBXBuildFile; fileRef = 388F664D1E68611A00504F27 /* Main.storyboard */; };
		388F66511E68611A00504F27 /* Assets.xcassets in Resources */ = {isa = PBXBuildFile; fileRef = 388F66501E68611A00504F27 /* Assets.xcassets */; };
		388F66541E68611A00504F27 /* LaunchScreen.storyboard in Resources */ = {isa = PBXBuildFile; fileRef = 388F66521E68611A00504F27 /* LaunchScreen.storyboard */; };
		388F665F1E68611A00504F27 /* canioverrideTests.swift in Sources */ = {isa = PBXBuildFile; fileRef = 388F665E1E68611A00504F27 /* canioverrideTests.swift */; };
		388F666A1E68611A00504F27 /* canioverrideUITests.swift in Sources */ = {isa = PBXBuildFile; fileRef = 388F66691E68611A00504F27 /* canioverrideUITests.swift */; };
/* End PBXBuildFile section */

/* Begin PBXContainerItemProxy section */
		388F665B1E68611A00504F27 /* PBXContainerItemProxy */ = {
			isa = PBXContainerItemProxy;
			containerPortal = 388F663E1E68611A00504F27 /* Project object */;
			proxyType = 1;
			remoteGlobalIDString = 388F66451E68611A00504F27;
			remoteInfo = canioverride;
		};
		388F66661E68611A00504F27 /* PBXContainerItemProxy */ = {
			isa = PBXContainerItemProxy;
			containerPortal = 388F663E1E68611A00504F27 /* Project object */;
			proxyType = 1;
			remoteGlobalIDString = 388F66451E68611A00504F27;
			remoteInfo = canioverride;
		};
/* End PBXContainerItemProxy section */

/* Begin PBXFileReference section */
		388F66461E68611A00504F27 /* canioverride.app */ = {isa = PBXFileReference; explicitFileType = wrapper.application; includeInIndex = 0; path = canioverride.app; sourceTree = BUILT_PRODUCTS_DIR; };
		388F66491E68611A00504F27 /* AppDelegate.swift */ = {isa = PBXFileReference; lastKnownFileType = sourcecode.swift; path = AppDelegate.swift; sourceTree = "<group>"; };
		388F664B1E68611A00504F27 /* ViewController.swift */ = {isa = PBXFileReference; lastKnownFileType = sourcecode.swift; path = ViewController.swift; sourceTree = "<group>"; };
		388F664E1E68611A00504F27 /* Base */ = {isa = PBXFileReference; lastKnownFileType = file.storyboard; name = Base; path = Base.lproj/Main.storyboard; sourceTree = "<group>"; };
		388F66501E68611A00504F27 /* Assets.xcassets */ = {isa = PBXFileReference; lastKnownFileType = folder.assetcatalog; path = Assets.xcassets; sourceTree = "<group>"; };
		388F66531E68611A00504F27 /* Base */ = {isa = PBXFileReference; lastKnownFileType = file.storyboard; name = Base; path = Base.lproj/LaunchScreen.storyboard; sourceTree = "<group>"; };
		388F66551E68611A00504F27 /* Info.plist */ = {isa = PBXFileReference; lastKnownFileType = text.plist.xml; path = Info.plist; sourceTree = "<group>"; };
		388F665A1E68611A00504F27 /* canioverrideTests.xctest */ = {isa = PBXFileReference; explicitFileType = wrapper.cfbundle; includeInIndex = 0; path = canioverrideTests.xctest; sourceTree = BUILT_PRODUCTS_DIR; };
		388F665E1E68611A00504F27 /* canioverrideTests.swift */ = {isa = PBXFileReference; lastKnownFileType = sourcecode.swift; path = canioverrideTests.swift; sourceTree = "<group>"; };
		388F66601E68611A00504F27 /* Info.plist */ = {isa = PBXFileReference; lastKnownFileType = text.plist.xml; path = Info.plist; sourceTree = "<group>"; };
		388F66651E68611A00504F27 /* canioverrideUITests.xctest */ = {isa = PBXFileReference; explicitFileType = wrapper.cfbundle; includeInIndex = 0; path = canioverrideUITests.xctest; sourceTree = BUILT_PRODUCTS_DIR; };
		388F66691E68611A00504F27 /* canioverrideUITests.swift */ = {isa = PBXFileReference; lastKnownFileType = sourcecode.swift; path = canioverrideUITests.swift; sourceTree = "<group>"; };
		388F666B1E68611A00504F27 /* Info.plist */ = {isa = PBXFileReference; lastKnownFileType = text.plist.xml; path = Info.plist; sourceTree = "<group>"; };
/* End PBXFileReference section */

/* Begin PBXFrameworksBuildPhase section */
		388F66431E68611A00504F27 /* Frameworks */ = {
			isa = PBXFrameworksBuildPhase;
			buildActionMask = 2147483647;
			files = (
			);
			runOnlyForDeploymentPostprocessing = 0;
		};
		388F66571E68611A00504F27 /* Frameworks */ = {
			isa = PBXFrameworksBuildPhase;
			buildActionMask = 2147483647;
			files = (
			);
			runOnlyForDeploymentPostprocessing = 0;
		};
		388F66621E68611A00504F27 /* Frameworks */ = {
			isa = PBXFrameworksBuildPhase;
			buildActionMask = 2147483647;
			files = (
			);
			runOnlyForDeploymentPostprocessing = 0;
		};
/* End PBXFrameworksBuildPhase section */

/* Begin PBXGroup section */
		388F663D1E68611A00504F27 = {
			isa = PBXGroup;
			children = (
				388F66481E68611A00504F27 /* canioverride */,
				388F665D1E68611A00504F27 /* canioverrideTests */,
				388F66681E68611A00504F27 /* canioverrideUITests */,
				388F66471E68611A00504F27 /* Products */,
			);
			sourceTree = "<group>";
		};
		388F66471E68611A00504F27 /* Products */ = {
			isa = PBXGroup;
			children = (
				388F66461E68611A00504F27 /* canioverride.app */,
				388F665A1E68611A00504F27 /* canioverrideTests.xctest */,
				388F66651E68611A00504F27 /* canioverrideUITests.xctest */,
			);
			name = Products;
			sourceTree = "<group>";
		};
		388F66481E68611A00504F27 /* canioverride */ = {
			isa = PBXGroup;
			children = (
				388F66491E68611A00504F27 /* AppDelegate.swift */,
				388F664B1E68611A00504F27 /* ViewController.swift */,
				388F664D1E68611A00504F27 /* Main.storyboard */,
				388F66501E68611A00504F27 /* Assets.xcassets */,
				388F66521E68611A00504F27 /* LaunchScreen.storyboard */,
				388F66551E68611A00504F27 /* Info.plist */,
			);
			path = canioverride;
			sourceTree = "<group>";
		};
		388F665D1E68611A00504F27 /* canioverrideTests */ = {
			isa = PBXGroup;
			children = (
				388F665E1E68611A00504F27 /* canioverrideTests.swift */,
				388F66601E68611A00504F27 /* Info.plist */,
			);
			path = canioverrideTests;
			sourceTree = "<group>";
		};
		388F66681E68611A00504F27 /* canioverrideUITests */ = {
			isa = PBXGroup;
			children = (
				388F66691E68611A00504F27 /* canioverrideUITests.swift */,
				388F666B1E68611A00504F27 /* Info.plist */,
			);
			path = canioverrideUITests;
			sourceTree = "<group>";
		};
/* End PBXGroup section */

/* Begin PBXNativeTarget section */
		388F66451E68611A00504F27 /* canioverride */ = {
			isa = PBXNativeTarget;
			buildConfigurationList = 388F666E1E68611A00504F27 /* Build configuration list for PBXNativeTarget "canioverride" */;
			buildPhases = (
				388F66421E68611A00504F27 /* Sources */,
				388F66431E68611A00504F27 /* Frameworks */,
				388F66441E68611A00504F27 /* Resources */,
			);
			buildRules = (
			);
			dependencies = (
			);
			name = canioverride;
			productName = canioverride;
			productReference = 388F66461E68611A00504F27 /* canioverride.app */;
			productType = "com.apple.product-type.application";
		};
		388F66591E68611A00504F27 /* canioverrideTests */ = {
			isa = PBXNativeTarget;
			buildConfigurationList = 388F66711E68611A00504F27 /* Build configuration list for PBXNativeTarget "canioverrideTests" */;
			buildPhases = (
				388F66561E68611A00504F27 /* Sources */,
				388F66571E68611A00504F27 /* Frameworks */,
				388F66581E68611A00504F27 /* Resources */,
			);
			buildRules = (
			);
			dependencies = (
				388F665C1E68611A00504F27 /* PBXTargetDependency */,
			);
			name = canioverrideTests;
			productName = canioverrideTests;
			productReference = 388F665A1E68611A00504F27 /* canioverrideTests.xctest */;
			productType = "com.apple.product-type.bundle.unit-test";
		};
		388F66641E68611A00504F27 /* canioverrideUITests */ = {
			isa = PBXNativeTarget;
			buildConfigurationList = 388F66741E68611A00504F27 /* Build configuration list for PBXNativeTarget "canioverrideUITests" */;
			buildPhases = (
				388F66611E68611A00504F27 /* Sources */,
				388F66621E68611A00504F27 /* Frameworks */,
				388F66631E68611A00504F27 /* Resources */,
			);
			buildRules = (
			);
			dependencies = (
				388F66671E68611A00504F27 /* PBXTargetDependency */,
			);
			name = canioverrideUITests;
			productName = canioverrideUITests;
			productReference = 388F66651E68611A00504F27 /* canioverrideUITests.xctest */;
			productType = "com.apple.product-type.bundle.ui-testing";
		};
/* End PBXNativeTarget section */

/* Begin PBXProject section */
		388F663E1E68611A00504F27 /* Project object */ = {
			isa = PBXProject;
			attributes = {
				LastSwiftUpdateCheck = 0820;
				LastUpgradeCheck = 0820;
				ORGANIZATIONNAME = charques;
				TargetAttributes = {
					388F66451E68611A00504F27 = {
						CreatedOnToolsVersion = 8.2.1;
						ProvisioningStyle = Automatic;
					};
					388F66591E68611A00504F27 = {
						CreatedOnToolsVersion = 8.2.1;
						ProvisioningStyle = Automatic;
						TestTargetID = 388F66451E68611A00504F27;
					};
					388F66641E68611A00504F27 = {
						CreatedOnToolsVersion = 8.2.1;
						ProvisioningStyle = Automatic;
						TestTargetID = 388F66451E68611A00504F27;
					};
				};
			};
			buildConfigurationList = 388F66411E68611A00504F27 /* Build configuration list for PBXProject "canioverride" */;
			compatibilityVersion = "Xcode 3.2";
			developmentRegion = English;
			hasScannedForEncodings = 0;
			knownRegions = (
				en,
				Base,
			);
			mainGroup = 388F663D1E68611A00504F27;
			productRefGroup = 388F66471E68611A00504F27 /* Products */;
			projectDirPath = "";
			projectRoot = "";
			targets = (
				388F66451E68611A00504F27 /* canioverride */,
				388F66591E68611A00504F27 /* canioverrideTests */,
				388F66641E68611A00504F27 /* canioverrideUITests */,
			);
		};
/* End PBXProject section */

/* Begin PBXResourcesBuildPhase section */
		388F66441E68611A00504F27 /* Resources */ = {
			isa = PBXResourcesBuildPhase;
			buildActionMask = 2147483647;
			files = (
				388F66541E68611A00504F27 /* LaunchScreen.storyboard in Resources */,
				388F66511E68611A00504F27 /* Assets.xcassets in Resources */,
				388F664F1E68611A00504F27 /* Main.storyboard in Resources */,
			);
			runOnlyForDeploymentPostprocessing = 0;
		};
		388F66581E68611A00504F27 /* Resources */ = {
			isa = PBXResourcesBuildPhase;
			buildActionMask = 2147483647;
			files = (
			);
			runOnlyForDeploymentPostprocessing = 0;
		};
		388F66631E68611A00504F27 /* Resources */ = {
			isa = PBXResourcesBuildPhase;
			buildActionMask = 2147483647;
			files = (
			);
			runOnlyForDeploymentPostprocessing = 0;
		};
/* End PBXResourcesBuildPhase section */

/* Begin PBXSourcesBuildPhase section */
		388F66421E68611A00504F27 /* Sources */ = {
			isa = PBXSourcesBuildPhase;
			buildActionMask = 2147483647;
			files = (
				388F664C1E68611A00504F27 /* ViewController.swift in Sources */,
				388F664A1E68611A00504F27 /* AppDelegate.swift in Sources */,
			);
			runOnlyForDeploymentPostprocessing = 0;
		};
		388F66561E68611A00504F27 /* Sources */ = {
			isa = PBXSourcesBuildPhase;
			buildActionMask = 2147483647;
			files = (
				388F665F1E68611A00504F27 /* canioverrideTests.swift in Sources */,
			);
			runOnlyForDeploymentPostprocessing = 0;
		};
		388F66611E68611A00504F27 /* Sources */ = {
			isa = PBXSourcesBuildPhase;
			buildActionMask = 2147483647;
			files = (
				388F666A1E68611A00504F27 /* canioverrideUITests.swift in Sources */,
			);
			runOnlyForDeploymentPostprocessing = 0;
		};
/* End PBXSourcesBuildPhase section */

/* Begin PBXTargetDependency section */
		388F665C1E68611A00504F27 /* PBXTargetDependency */ = {
			isa = PBXTargetDependency;
			target = 388F66451E68611A00504F27 /* canioverride */;
			targetProxy = 388F665B1E68611A00504F27 /* PBXContainerItemProxy */;
		};
		388F66671E68611A00504F27 /* PBXTargetDependency */ = {
			isa = PBXTargetDependency;
			target = 388F66451E68611A00504F27 /* canioverride */;
			targetProxy = 388F66661E68611A00504F27 /* PBXContainerItemProxy */;
		};
/* End PBXTargetDependency section */

/* Begin PBXVariantGroup section */
		388F664D1E68611A00504F27 /* Main.storyboard */ = {
			isa = PBXVariantGroup;
			children = (
				388F664E1E68611A00504F27 /* Base */,
			);
			name = Main.storyboard;
			sourceTree = "<group>";
		};
		388F66521E68611A00504F27 /* LaunchScreen.storyboard */ = {
			isa = PBXVariantGroup;
			children = (
				388F66531E68611A00504F27 /* Base */,
			);
			name = LaunchScreen.storyboard;
			sourceTree = "<group>";
		};
/* End PBXVariantGroup section */

/* Begin XCBuildConfiguration section */
		388F666C1E68611A00504F27 /* Debug */ = {
			isa = XCBuildConfiguration;
			buildSettings = {
				ALWAYS_SEARCH_USER_PATHS = NO;
				CLANG_ANALYZER_NONNULL = YES;
				CLANG_CXX_LANGUAGE_STANDARD = "gnu++0x";
				CLANG_CXX_LIBRARY = "libc++";
				CLANG_ENABLE_MODULES = YES;
				CLANG_ENABLE_OBJC_ARC = YES;
				CLANG_WARN_BOOL_CONVERSION = YES;
				CLANG_WARN_CONSTANT_CONVERSION = YES;
				CLANG_WARN_DIRECT_OBJC_ISA_USAGE = YES_ERROR;
				CLANG_WARN_DOCUMENTATION_COMMENTS = YES;
				CLANG_WARN_EMPTY_BODY = YES;
				CLANG_WARN_ENUM_CONVERSION = YES;
				CLANG_WARN_INFINITE_RECURSION = YES;
				CLANG_WARN_INT_CONVERSION = YES;
				CLANG_WARN_OBJC_ROOT_CLASS = YES_ERROR;
				CLANG_WARN_SUSPICIOUS_MOVE = YES;
				CLANG_WARN_UNREACHABLE_CODE = YES;
				CLANG_WARN__DUPLICATE_METHOD_MATCH = YES;
				"CODE_SIGN_IDENTITY[sdk=iphoneos*]" = "iPhone Developer";
				COPY_PHASE_STRIP = NO;
				DEBUG_INFORMATION_FORMAT = dwarf;
				ENABLE_STRICT_OBJC_MSGSEND = YES;
				ENABLE_TESTABILITY = YES;
				GCC_C_LANGUAGE_STANDARD = gnu99;
				GCC_DYNAMIC_NO_PIC = NO;
				GCC_NO_COMMON_BLOCKS = YES;
				GCC_OPTIMIZATION_LEVEL = 0;
				GCC_PREPROCESSOR_DEFINITIONS = (
					"DEBUG=1",
					"$(inherited)",
				);
				GCC_WARN_64_TO_32_BIT_CONVERSION = YES;
				GCC_WARN_ABOUT_RETURN_TYPE = YES_ERROR;
				GCC_WARN_UNDECLARED_SELECTOR = YES;
				GCC_WARN_UNINITIALIZED_AUTOS = YES_AGGRESSIVE;
				GCC_WARN_UNUSED_FUNCTION = YES;
				GCC_WARN_UNUSED_VARIABLE = YES;
				IPHONEOS_DEPLOYMENT_TARGET = 10.2;
				MTL_ENABLE_DEBUG_INFO = YES;
				ONLY_ACTIVE_ARCH = YES;
				SDKROOT = iphoneos;
				SWIFT_ACTIVE_COMPILATION_CONDITIONS = DEBUG;
				SWIFT_OPTIMIZATION_LEVEL = "-Onone";
				TARGETED_DEVICE_FAMILY = "1,2";
			};
			name = Debug;
		};
		388F666D1E68611A00504F27 /* Release */ = {
			isa = XCBuildConfiguration;
			buildSettings = {
				ALWAYS_SEARCH_USER_PATHS = NO;
				CLANG_ANALYZER_NONNULL = YES;
				CLANG_CXX_LANGUAGE_STANDARD = "gnu++0x";
				CLANG_CXX_LIBRARY = "libc++";
				CLANG_ENABLE_MODULES = YES;
				CLANG_ENABLE_OBJC_ARC = YES;
				CLANG_WARN_BOOL_CONVERSION = YES;
				CLANG_WARN_CONSTANT_CONVERSION = YES;
				CLANG_WARN_DIRECT_OBJC_ISA_USAGE = YES_ERROR;
				CLANG_WARN_DOCUMENTATION_COMMENTS = YES;
				CLANG_WARN_EMPTY_BODY = YES;
				CLANG_WARN_ENUM_CONVERSION = YES;
				CLANG_WARN_INFINITE_RECURSION = YES;
				CLANG_WARN_INT_CONVERSION = YES;
				CLANG_WARN_OBJC_ROOT_CLASS = YES_ERROR;
				CLANG_WARN_SUSPICIOUS_MOVE = YES;
				CLANG_WARN_UNREACHABLE_CODE = YES;
				CLANG_WARN__DUPLICATE_METHOD_MATCH = YES;
				"CODE_SIGN_IDENTITY[sdk=iphoneos*]" = "iPhone Developer";
				COPY_PHASE_STRIP = NO;
				DEBUG_INFORMATION_FORMAT = "dwarf-with-dsym";
				ENABLE_NS_ASSERTIONS = NO;
				ENABLE_STRICT_OBJC_MSGSEND = YES;
				GCC_C_LANGUAGE_STANDARD = gnu99;
				GCC_NO_COMMON_BLOCKS = YES;
				GCC_WARN_64_TO_32_BIT_CONVERSION = YES;
				GCC_WARN_ABOUT_RETURN_TYPE = YES_ERROR;
				GCC_WARN_UNDECLARED_SELECTOR = YES;
				GCC_WARN_UNINITIALIZED_AUTOS = YES_AGGRESSIVE;
				GCC_WARN_UNUSED_FUNCTION = YES;
				GCC_WARN_UNUSED_VARIABLE = YES;
				IPHONEOS_DEPLOYMENT_TARGET = 10.2;
				MTL_ENABLE_DEBUG_INFO = NO;
				SDKROOT = iphoneos;
				SWIFT_OPTIMIZATION_LEVEL = "-Owholemodule";
				TARGETED_DEVICE_FAMILY = "1,2";
				VALIDATE_PRODUCT = YES;
			};
			name = Release;
		};
		388F666F1E68611A00504F27 /* Debug */ = {
			isa = XCBuildConfiguration;
			buildSettings = {
				ASSETCATALOG_COMPILER_APPICON_NAME = AppIcon;
				INFOPLIST_FILE = canioverride/Info.plist;
				LD_RUNPATH_SEARCH_PATHS = "$(inherited) @executable_path/Frameworks";
				PRODUCT_BUNDLE_IDENTIFIER = com.charques.canioverride;
				PRODUCT_NAME = "$(TARGET_NAME)";
				SWIFT_VERSION = 3.0;
			};
			name = Debug;
		};
		388F66701E68611A00504F27 /* Release */ = {
			isa = XCBuildConfiguration;
			buildSettings = {
				ASSETCATALOG_COMPILER_APPICON_NAME = AppIcon;
				INFOPLIST_FILE = canioverride/Info.plist;
				LD_RUNPATH_SEARCH_PATHS = "$(inherited) @executable_path/Frameworks";
				PRODUCT_BUNDLE_IDENTIFIER = com.charques.canioverride;
				PRODUCT_NAME = "$(TARGET_NAME)";
				SWIFT_VERSION = 3.0;
			};
			name = Release;
		};
		388F66721E68611A00504F27 /* Debug */ = {
			isa = XCBuildConfiguration;
			buildSettings = {
				ALWAYS_EMBED_SWIFT_STANDARD_LIBRARIES = YES;
				BUNDLE_LOADER = "$(TEST_HOST)";
				INFOPLIST_FILE = canioverrideTests/Info.plist;
				LD_RUNPATH_SEARCH_PATHS = "$(inherited) @executable_path/Frameworks @loader_path/Frameworks";
				PRODUCT_BUNDLE_IDENTIFIER = com.charques.canioverrideTests;
				PRODUCT_NAME = "$(TARGET_NAME)";
				SWIFT_VERSION = 3.0;
				TEST_HOST = "$(BUILT_PRODUCTS_DIR)/canioverride.app/canioverride";
			};
			name = Debug;
		};
		388F66731E68611A00504F27 /* Release */ = {
			isa = XCBuildConfiguration;
			buildSettings = {
				ALWAYS_EMBED_SWIFT_STANDARD_LIBRARIES = YES;
				BUNDLE_LOADER = "$(TEST_HOST)";
				INFOPLIST_FILE = canioverrideTests/Info.plist;
				LD_RUNPATH_SEARCH_PATHS = "$(inherited) @executable_path/Frameworks @loader_path/Frameworks";
				PRODUCT_BUNDLE_IDENTIFIER = com.charques.canioverrideTests;
				PRODUCT_NAME = "$(TARGET_NAME)";
				SWIFT_VERSION = 3.0;
				TEST_HOST = "$(BUILT_PRODUCTS_DIR)/canioverride.app/canioverride";
			};
			name = Release;
		};
		388F66751E68611A00504F27 /* Debug */ = {
			isa = XCBuildConfiguration;
			buildSettings = {
				ALWAYS_EMBED_SWIFT_STANDARD_LIBRARIES = YES;
				INFOPLIST_FILE = canioverrideUITests/Info.plist;
				LD_RUNPATH_SEARCH_PATHS = "$(inherited) @executable_path/Frameworks @loader_path/Frameworks";
				PRODUCT_BUNDLE_IDENTIFIER = com.charques.canioverrideUITests;
				PRODUCT_NAME = "$(TARGET_NAME)";
				SWIFT_VERSION = 3.0;
				TEST_TARGET_NAME = canioverride;
			};
			name = Debug;
		};
		388F66761E68611A00504F27 /* Release */ = {
			isa = XCBuildConfiguration;
			buildSettings = {
				ALWAYS_EMBED_SWIFT_STANDARD_LIBRARIES = YES;
				INFOPLIST_FILE = canioverrideUITests/Info.plist;
				LD_RUNPATH_SEARCH_PATHS = "$(inherited) @executable_path/Frameworks @loader_path/Frameworks";
				PRODUCT_BUNDLE_IDENTIFIER = com.charques.canioverrideUITests;
				PRODUCT_NAME = "$(TARGET_NAME)";
				SWIFT_VERSION = 3.0;
				TEST_TARGET_NAME = canioverride;
			};
			name = Release;
		};
/* End XCBuildConfiguration section */

/* Begin XCConfigurationList section */
		388F66411E68611A00504F27 /* Build configuration list for PBXProject "canioverride" */ = {
			isa = XCConfigurationList;
			buildConfigurations = (
				388F666C1E68611A00504F27 /* Debug */,
				388F666D1E68611A00504F27 /* Release */,
			);
			defaultConfigurationIsVisible = 0;
			defaultConfigurationName = Release;
		};
		388F666E1E68611A00504F27 /* Build configuration list for PBXNativeTarget "canioverride" */ = {
			isa = XCConfigurationList;
			buildConfigurations = (
				388F666F1E68611A00504F27 /* Debug */,
				388F66701E68611A00504F27 /* Release */,
			);
			defaultConfigurationIsVisible = 0;
		};
		388F66711E68611A00504F27 /* Build configuration list for PBXNativeTarget "canioverrideTests" */ = {
			isa = XCConfigurationList;
			buildConfigurations = (
				388F66721E68611A00504F27 /* Debug */,
				388F66731E68611A00504F27 /* Release */,
			);
			defaultConfigurationIsVisible = 0;
		};
		388F66741E68611A00504F27 /* Build configuration list for PBXNativeTarget "canioverrideUITests" */ = {
			isa = XCConfigurationList;
			buildConfigurations = (
				388F66751E68611A00504F27 /* Debug */,
				388F66761E68611A00504F27 /* Release */,
			);
			defaultConfigurationIsVisible = 0;
		};
/* End XCConfigurationList section */
	};
	rootObject = 388F663E1E68611A00504F27 /* Project object */;
}
